
Microsoft Visual Studio Solution File, Format Version 12.00
# Visual Studio Version 16
VisualStudioVersion = 16.0.31025.194
MinimumVisualStudioVersion = 10.0.40219.1
Project("{FAE04EC0-301F-11D3-BF4B-00C04F79EFBC}") = "GuessNumber", "GuessNumber.csproj", "{1E3E6BB6-C153-4E93-87C5-CA939B6A743E}"
EndProject
Global
	GlobalSection(SolutionConfigurationPlatforms) = preSolution
		Debug|Any CPU = Debug|Any CPU
		Release|Any CPU = Release|Any CPU
	EndGlobalSection
	GlobalSection(ProjectConfigurationPlatforms) = postSolution
		{1E3E6BB6-C153-4E93-87C5-CA939B6A743E}.Debug|Any CPU.ActiveCfg = Debug|Any CPU
		{1E3E6BB6-C153-4E93-87C5-CA939B6A743E}.Debug|Any CPU.Build.0 = Debug|Any CPU
		{1E3E6BB6-C153-4E93-87C5-CA939B6A743E}.Release|Any CPU.ActiveCfg = Release|Any CPU
		{1E3E6BB6-C153-4E93-87C5-CA939B6A743E}.Release|Any CPU.Build.0 = Release|Any CPU
	EndGlobalSection
	GlobalSection(SolutionProperties) = preSolution
		HideSolutionNode = FALSE
	EndGlobalSection
	GlobalSection(ExtensibilityGlobals) = postSolution
		SolutionGuid = {C1C5B400-7310-4D3E-8A71-39C3DC879151}
	EndGlobalSection
EndGlobal
